
Microsoft Visual Studio Solution File, Format Version 12.00
# Visual Studio Version 17
VisualStudioVersion = 17.8.34330.188
MinimumVisualStudioVersion = 10.0.40219.1
Project("{FAE04EC0-301F-11D3-BF4B-00C04F79EFBC}") = "Prog260_W24_L3_011724", "Prog260_W24_L3_011724.csproj", "{6F6133B1-1478-40C3-88E0-92FA93125424}"
EndProject
Global
	GlobalSection(SolutionConfigurationPlatforms) = preSolution
		Debug|Any CPU = Debug|Any CPU
		Release|Any CPU = Release|Any CPU
	EndGlobalSection
	GlobalSection(ProjectConfigurationPlatforms) = postSolution
		{6F6133B1-1478-40C3-88E0-92FA93125424}.Debug|Any CPU.ActiveCfg = Debug|Any CPU
		{6F6133B1-1478-40C3-88E0-92FA93125424}.Debug|Any CPU.Build.0 = Debug|Any CPU
		{6F6133B1-1478-40C3-88E0-92FA93125424}.Release|Any CPU.ActiveCfg = Release|Any CPU
		{6F6133B1-1478-40C3-88E0-92FA93125424}.Release|Any CPU.Build.0 = Release|Any CPU
	EndGlobalSection
	GlobalSection(SolutionProperties) = preSolution
		HideSolutionNode = FALSE
	EndGlobalSection
	GlobalSection(ExtensibilityGlobals) = postSolution
		SolutionGuid = {C9FDC493-8AD1-435D-9D39-2DB405C59F24}
	EndGlobalSection
EndGlobal
